github.com/CaiJimmy/hugo-theme-stack/v3 v3.33.0 h1:ht00aUT5VOxuh0cq4ek6uuGMze2/pDgjxYDVCJfb3Wk=
github.com/CaiJimmy/hugo-theme-stack/v3 v3.33.0/go.mod h1:IPmCXiIxlFSLFYS0tOmYP6ySLviyeNVSabyvSuaxD+I=
github.com/Lednerb/bilberry-hugo-theme/v4 v4.13.0 h1:wo7g4+z+f/HMfVIOhlyVH4feC/veoNYwKfazjcYZn8g=
github.com/Lednerb/bilberry-hugo-theme/v4 v4.13.0/go.mod h1:BssPF8roZpVOC3q+rjIZiTmtj6KkUufrEhFpwW4KY2c=
